
Microsoft Visual Studio Solution File, Format Version 12.00
# Visual Studio 14
VisualStudioVersion = 14.0.23107.0
MinimumVisualStudioVersion = 10.0.40219.1
Project("{FAE04EC0-301F-11D3-BF4B-00C04F79EFBC}") = "BILIBILI-UWP", "BILIBILI-UWP\BILIBILI-UWP.csproj", "{F0143E97-0701-4E31-8306-C2F14243E85A}"
EndProject
Global
	GlobalSection(SolutionConfigurationPlatforms) = preSolution
		Debug|ARM = Debug|ARM
		Debug|x64 = Debug|x64
		Debug|x86 = Debug|x86
		Release|ARM = Release|ARM
		Release|x64 = Release|x64
		Release|x86 = Release|x86
	EndGlobalSection
	GlobalSection(ProjectConfigurationPlatforms) = postSolution
		{F0143E97-0701-4E31-8306-C2F14243E85A}.Debug|ARM.ActiveCfg = Debug|ARM
		{F0143E97-0701-4E31-8306-C2F14243E85A}.Debug|ARM.Build.0 = Debug|ARM
		{F0143E97-0701-4E31-8306-C2F14243E85A}.Debug|ARM.Deploy.0 = Debug|ARM
		{F0143E97-0701-4E31-8306-C2F14243E85A}.Debug|x64.ActiveCfg = Debug|x64
		{F0143E97-0701-4E31-8306-C2F14243E85A}.Debug|x64.Build.0 = Debug|x64
		{F0143E97-0701-4E31-8306-C2F14243E85A}.Debug|x64.Deploy.0 = Debug|x64
		{F0143E97-0701-4E31-8306-C2F14243E85A}.Debug|x86.ActiveCfg = Debug|x86
		{F0143E97-0701-4E31-8306-C2F14243E85A}.Debug|x86.Build.0 = Debug|x86
		{F0143E97-0701-4E31-8306-C2F14243E85A}.Debug|x86.Deploy.0 = Debug|x86
		{F0143E97-0701-4E31-8306-C2F14243E85A}.Release|ARM.ActiveCfg = Release|ARM
		{F0143E97-0701-4E31-8306-C2F14243E85A}.Release|ARM.Build.0 = Release|ARM
		{F0143E97-0701-4E31-8306-C2F14243E85A}.Release|ARM.Deploy.0 = Release|ARM
		{F0143E97-0701-4E31-8306-C2F14243E85A}.Release|x64.ActiveCfg = Release|x64
		{F0143E97-0701-4E31-8306-C2F14243E85A}.Release|x64.Build.0 = Release|x64
		{F0143E97-0701-4E31-8306-C2F14243E85A}.Release|x64.Deploy.0 = Release|x64
		{F0143E97-0701-4E31-8306-C2F14243E85A}.Release|x86.ActiveCfg = Release|x86
		{F0143E97-0701-4E31-8306-C2F14243E85A}.Release|x86.Build.0 = Release|x86
		{F0143E97-0701-4E31-8306-C2F14243E85A}.Release|x86.Deploy.0 = Release|x86
	EndGlobalSection
	GlobalSection(SolutionProperties) = preSolution
		HideSolutionNode = FALSE
	EndGlobalSection
EndGlobal
